
Microsoft Visual Studio Solution File, Format Version 12.00
# Visual Studio Version 16
VisualStudioVersion = 16.0.30011.22
MinimumVisualStudioVersion = 10.0.40219.1
Project("{FAE04EC0-301F-11D3-BF4B-00C04F79EFBC}") = "CTLI_Demo", "CTLI_Demo\CTLI_Demo.csproj", "{81BC6582-9F85-4909-A0D5-3207429359D9}"
EndProject
Global
	GlobalSection(SolutionConfigurationPlatforms) = preSolution
		Debug|Any CPU = Debug|Any CPU
		Release|Any CPU = Release|Any CPU
	EndGlobalSection
	GlobalSection(ProjectConfigurationPlatforms) = postSolution
		{81BC6582-9F85-4909-A0D5-3207429359D9}.Debug|Any CPU.ActiveCfg = Debug|Any CPU
		{81BC6582-9F85-4909-A0D5-3207429359D9}.Debug|Any CPU.Build.0 = Debug|Any CPU
		{81BC6582-9F85-4909-A0D5-3207429359D9}.Release|Any CPU.ActiveCfg = Release|Any CPU
		{81BC6582-9F85-4909-A0D5-3207429359D9}.Release|Any CPU.Build.0 = Release|Any CPU
	EndGlobalSection
	GlobalSection(SolutionProperties) = preSolution
		HideSolutionNode = FALSE
	EndGlobalSection
	GlobalSection(ExtensibilityGlobals) = postSolution
		SolutionGuid = {E687E3B4-98D6-428A-9092-5111AE2C9980}
	EndGlobalSection
EndGlobal
